// !$*UTF8*$!
{
	archiveVersion = 1;
	classes = {
	};
	objectVersion = 46;
	objects = {

/* Begin PBXBuildFile section */
		77040B061A86CA3E0065D260 /* MDCGeometry.m in Sources */ = {isa = PBXBuildFile; fileRef = 77040AE91A86CA3E0065D260 /* MDCGeometry.m */; };
		77040B071A86CA3E0065D260 /* MDCViewState.m in Sources */ = {isa = PBXBuildFile; fileRef = 77040AEC1A86CA3E0065D260 /* MDCViewState.m */; };
		77040B081A86CA3E0065D260 /* UIColor+MDCRGB8Bit.m in Sources */ = {isa = PBXBuildFile; fileRef = 77040AEE1A86CA3E0065D260 /* UIColor+MDCRGB8Bit.m */; };
		77040B091A86CA3E0065D260 /* UIView+MDCBorderedLabel.m in Sources */ = {isa = PBXBuildFile; fileRef = 77040AF11A86CA3E0065D260 /* UIView+MDCBorderedLabel.m */; };
		77040B0A1A86CA3E0065D260 /* MDCSwipeOptions.m in Sources */ = {isa = PBXBuildFile; fileRef = 77040AF71A86CA3E0065D260 /* MDCSwipeOptions.m */; };
		77040B0B1A86CA3E0065D260 /* MDCSwipeToChooseViewOptions.m in Sources */ = {isa = PBXBuildFile; fileRef = 77040AF91A86CA3E0065D260 /* MDCSwipeToChooseViewOptions.m */; };
		77040B0C1A86CA3E0065D260 /* MDCPanState.m in Sources */ = {isa = PBXBuildFile; fileRef = 77040AFC1A86CA3E0065D260 /* MDCPanState.m */; };
		77040B0D1A86CA3E0065D260 /* MDCSwipeResult.m in Sources */ = {isa = PBXBuildFile; fileRef = 77040AFF1A86CA3E0065D260 /* MDCSwipeResult.m */; };
		77040B0E1A86CA3E0065D260 /* MDCSwipeToChooseView.m in Sources */ = {isa = PBXBuildFile; fileRef = 77040B031A86CA3E0065D260 /* MDCSwipeToChooseView.m */; };
		77040B0F1A86CA3E0065D260 /* UIView+MDCSwipeToChoose.m in Sources */ = {isa = PBXBuildFile; fileRef = 77040B051A86CA3E0065D260 /* UIView+MDCSwipeToChoose.m */; };
		774280361A952B2100C3BF9B /* Credentials.swift in Sources */ = {isa = PBXBuildFile; fileRef = 774280351A952B2100C3BF9B /* Credentials.swift */; };
		774280541A952B7900C3BF9B /* Dictionary+OAuthSwift.swift in Sources */ = {isa = PBXBuildFile; fileRef = 774280411A952B7900C3BF9B /* Dictionary+OAuthSwift.swift */; };
		774280551A952B7900C3BF9B /* HMAC.swift in Sources */ = {isa = PBXBuildFile; fileRef = 774280421A952B7900C3BF9B /* HMAC.swift */; };
		774280561A952B7900C3BF9B /* Info.plist in Resources */ = {isa = PBXBuildFile; fileRef = 774280431A952B7900C3BF9B /* Info.plist */; };
		774280571A952B7900C3BF9B /* Int+OAuthSwift.swift in Sources */ = {isa = PBXBuildFile; fileRef = 774280441A952B7900C3BF9B /* Int+OAuthSwift.swift */; };
		774280581A952B7900C3BF9B /* NSData+OAuthSwift.swift in Sources */ = {isa = PBXBuildFile; fileRef = 774280451A952B7900C3BF9B /* NSData+OAuthSwift.swift */; };
		774280591A952B7900C3BF9B /* NSURL+OAuthSwift.swift in Sources */ = {isa = PBXBuildFile; fileRef = 774280461A952B7900C3BF9B /* NSURL+OAuthSwift.swift */; };
		7742805A1A952B7900C3BF9B /* OAuth1Swift.swift in Sources */ = {isa = PBXBuildFile; fileRef = 774280471A952B7900C3BF9B /* OAuth1Swift.swift */; };
		7742805B1A952B7900C3BF9B /* OAuth2Swift.swift in Sources */ = {isa = PBXBuildFile; fileRef = 774280481A952B7900C3BF9B /* OAuth2Swift.swift */; };
		7742805C1A952B7900C3BF9B /* OAuthSwiftClient.swift in Sources */ = {isa = PBXBuildFile; fileRef = 7742804A1A952B7900C3BF9B /* OAuthSwiftClient.swift */; };
		7742805D1A952B7900C3BF9B /* OAuthSwiftCredential.swift in Sources */ = {isa = PBXBuildFile; fileRef = 7742804B1A952B7900C3BF9B /* OAuthSwiftCredential.swift */; };
		7742805E1A952B7900C3BF9B /* OAuthSwiftHTTPRequest.swift in Sources */ = {isa = PBXBuildFile; fileRef = 7742804C1A952B7900C3BF9B /* OAuthSwiftHTTPRequest.swift */; };
		7742805F1A952B7900C3BF9B /* OAuthWebViewController.swift in Sources */ = {isa = PBXBuildFile; fileRef = 7742804D1A952B7900C3BF9B /* OAuthWebViewController.swift */; };
		774280601A952B7900C3BF9B /* SHA1.swift in Sources */ = {isa = PBXBuildFile; fileRef = 7742804E1A952B7900C3BF9B /* SHA1.swift */; };
		774280611A952B7900C3BF9B /* String+OAuthSwift.swift in Sources */ = {isa = PBXBuildFile; fileRef = 7742804F1A952B7900C3BF9B /* String+OAuthSwift.swift */; };
		774280621A952B7900C3BF9B /* Utils.swift in Sources */ = {isa = PBXBuildFile; fileRef = 774280501A952B7900C3BF9B /* Utils.swift */; };
		7742806A1A952B9B00C3BF9B /* OAuthSwift.framework in Frameworks */ = {isa = PBXBuildFile; fileRef = 774280691A952B9B00C3BF9B /* OAuthSwift.framework */; };
		776A5A671A87344000D7B091 /* NSMutableArray+STKAudioPlayer.m in Sources */ = {isa = PBXBuildFile; fileRef = 776A5A551A87344000D7B091 /* NSMutableArray+STKAudioPlayer.m */; };
		776A5A681A87344000D7B091 /* STKAudioPlayer.m in Sources */ = {isa = PBXBuildFile; fileRef = 776A5A571A87344000D7B091 /* STKAudioPlayer.m */; };
		776A5A691A87344000D7B091 /* STKAutoRecoveringHTTPDataSource.m in Sources */ = {isa = PBXBuildFile; fileRef = 776A5A591A87344000D7B091 /* STKAutoRecoveringHTTPDataSource.m */; };
		776A5A6A1A87344000D7B091 /* STKCoreFoundationDataSource.m in Sources */ = {isa = PBXBuildFile; fileRef = 776A5A5B1A87344000D7B091 /* STKCoreFoundationDataSource.m */; };
		776A5A6B1A87344000D7B091 /* STKDataSource.m in Sources */ = {isa = PBXBuildFile; fileRef = 776A5A5D1A87344000D7B091 /* STKDataSource.m */; };
		776A5A6C1A87344000D7B091 /* STKDataSourceWrapper.m in Sources */ = {isa = PBXBuildFile; fileRef = 776A5A5F1A87344000D7B091 /* STKDataSourceWrapper.m */; };
		776A5A6D1A87344000D7B091 /* STKHTTPDataSource.m in Sources */ = {isa = PBXBuildFile; fileRef = 776A5A611A87344000D7B091 /* STKHTTPDataSource.m */; };
		776A5A6E1A87344000D7B091 /* STKLocalFileDataSource.m in Sources */ = {isa = PBXBuildFile; fileRef = 776A5A631A87344000D7B091 /* STKLocalFileDataSource.m */; };
		776A5A6F1A87344000D7B091 /* STKQueueEntry.m in Sources */ = {isa = PBXBuildFile; fileRef = 776A5A651A87344000D7B091 /* STKQueueEntry.m */; };
		776A5A731A8738FE00D7B091 /* AVFoundation.framework in Frameworks */ = {isa = PBXBuildFile; fileRef = 776A5A711A8738FE00D7B091 /* AVFoundation.framework */; };
		776A5A741A8738FE00D7B091 /* AVKit.framework in Frameworks */ = {isa = PBXBuildFile; fileRef = 776A5A721A8738FE00D7B091 /* AVKit.framework */; };
		776A5A7C1A87A41100D7B091 /* GenresViewController.swift in Sources */ = {isa = PBXBuildFile; fileRef = 776A5A7B1A87A41100D7B091 /* GenresViewController.swift */; };
		776A5AA21A87DB7A00D7B091 /* Icon-72.png in Resources */ = {isa = PBXBuildFile; fileRef = 776A5A8A1A87DB7A00D7B091 /* Icon-72.png */; };
		776A5AA31A87DB7A00D7B091 /* Icon-72@2x.png in Resources */ = {isa = PBXBuildFile; fileRef = 776A5A8B1A87DB7A00D7B091 /* Icon-72@2x.png */; };
		776A5AA41A87DB7A00D7B091 /* Icon-Small-50.png in Resources */ = {isa = PBXBuildFile; fileRef = 776A5A8C1A87DB7A00D7B091 /* Icon-Small-50.png */; };
		776A5AA51A87DB7A00D7B091 /* Icon-Small-50@2x.png in Resources */ = {isa = PBXBuildFile; fileRef = 776A5A8D1A87DB7A00D7B091 /* Icon-Small-50@2x.png */; };
		776A5AA61A87DB7A00D7B091 /* Icon-Small.png in Resources */ = {isa = PBXBuildFile; fileRef = 776A5A8E1A87DB7A00D7B091 /* Icon-Small.png */; };
		776A5AA71A87DB7A00D7B091 /* Icon-Small@2x.png in Resources */ = {isa = PBXBuildFile; fileRef = 776A5A8F1A87DB7A00D7B091 /* Icon-Small@2x.png */; };
		776A5AA81A87DB7A00D7B091 /* Icon.png in Resources */ = {isa = PBXBuildFile; fileRef = 776A5A901A87DB7A00D7B091 /* Icon.png */; };
		776A5AA91A87DB7A00D7B091 /* Icon@2x.png in Resources */ = {isa = PBXBuildFile; fileRef = 776A5A911A87DB7A00D7B091 /* Icon@2x.png */; };
		776A5AAA1A87DB7A00D7B091 /* iTunesArtwork.png in Resources */ = {isa = PBXBuildFile; fileRef = 776A5A921A87DB7A00D7B091 /* iTunesArtwork.png */; };
		776A5AAB1A87DB7A00D7B091 /* iTunesArtwork@2x.png in Resources */ = {isa = PBXBuildFile; fileRef = 776A5A931A87DB7A00D7B091 /* iTunesArtwork@2x.png */; };
		776A5AAC1A87DB7A00D7B091 /* Icon-40.png in Resources */ = {isa = PBXBuildFile; fileRef = 776A5A951A87DB7A00D7B091 /* Icon-40.png */; };
		776A5AAD1A87DB7A00D7B091 /* Icon-40@2x.png in Resources */ = {isa = PBXBuildFile; fileRef = 776A5A961A87DB7A00D7B091 /* Icon-40@2x.png */; };
		776A5AAE1A87DB7A00D7B091 /* Icon-40@3x.png in Resources */ = {isa = PBXBuildFile; fileRef = 776A5A971A87DB7A00D7B091 /* Icon-40@3x.png */; };
		776A5AAF1A87DB7A00D7B091 /* Icon-60.png in Resources */ = {isa = PBXBuildFile; fileRef = 776A5A981A87DB7A00D7B091 /* Icon-60.png */; };
		776A5AB01A87DB7A00D7B091 /* Icon-60@2x.png in Resources */ = {isa = PBXBuildFile; fileRef = 776A5A991A87DB7A00D7B091 /* Icon-60@2x.png */; };
		776A5AB11A87DB7A00D7B091 /* Icon-76.png in Resources */ = {isa = PBXBuildFile; fileRef = 776A5A9A1A87DB7A00D7B091 /* Icon-76.png */; };
		776A5AB21A87DB7A00D7B091 /* Icon-76@2x.png in Resources */ = {isa = PBXBuildFile; fileRef = 776A5A9B1A87DB7A00D7B091 /* Icon-76@2x.png */; };
		776A5AB31A87DB7A00D7B091 /* Icon-Small.png in Resources */ = {isa = PBXBuildFile; fileRef = 776A5A9C1A87DB7A00D7B091 /* Icon-Small.png */; };
		776A5AB41A87DB7A00D7B091 /* Icon-Small@2x.png in Resources */ = {isa = PBXBuildFile; fileRef = 776A5A9D1A87DB7A00D7B091 /* Icon-Small@2x.png */; };
		776A5AB51A87DB7A00D7B091 /* Icon-Small@3x.png in Resources */ = {isa = PBXBuildFile; fileRef = 776A5A9E1A87DB7A00D7B091 /* Icon-Small@3x.png */; };
		776A5AB61A87DB7A00D7B091 /* Icon@3x.png in Resources */ = {isa = PBXBuildFile; fileRef = 776A5A9F1A87DB7A00D7B091 /* Icon@3x.png */; };
		776A5AB71A87DB7A00D7B091 /* iTunesArtwork.png in Resources */ = {isa = PBXBuildFile; fileRef = 776A5AA01A87DB7A00D7B091 /* iTunesArtwork.png */; };
		776A5AB81A87DB7A00D7B091 /* iTunesArtwork@2x.png in Resources */ = {isa = PBXBuildFile; fileRef = 776A5AA11A87DB7A00D7B091 /* iTunesArtwork@2x.png */; };
		776A5ABB1A87DDD700D7B091 /* SwiftSpinner.swift in Sources */ = {isa = PBXBuildFile; fileRef = 776A5ABA1A87DDD700D7B091 /* SwiftSpinner.swift */; };
		778084131A9A846D007CBD7F /* WebViewController.swift in Sources */ = {isa = PBXBuildFile; fileRef = 778084121A9A846D007CBD7F /* WebViewController.swift */; };
		77AAD4B61A9A817D005F493E /* OAuthSwift.framework in Frameworks */ = {isa = PBXBuildFile; fileRef = 77AAD4B51A9A812F005F493E /* OAuthSwift.framework */; };
		77AAD4B71A9A817D005F493E /* OAuthSwift.framework in Embed Frameworks */ = {isa = PBXBuildFile; fileRef = 77AAD4B51A9A812F005F493E /* OAuthSwift.framework */; settings = {ATTRIBUTES = (CodeSignOnCopy, RemoveHeadersOnCopy, ); }; };
		77B856F81A79E4BB00A51186 /* MainViewController.swift in Sources */ = {isa = PBXBuildFile; fileRef = 77B856F71A79E4BB00A51186 /* MainViewController.swift */; };
		77B856FE1A79EC1A00A51186 /* ConnectionManager.swift in Sources */ = {isa = PBXBuildFile; fileRef = 77B856FD1A79EC1A00A51186 /* ConnectionManager.swift */; };
		77B857011A7A9E3500A51186 /* Model.swift in Sources */ = {isa = PBXBuildFile; fileRef = 77B857001A7A9E3500A51186 /* Model.swift */; };
		77BFE9D61A814C5F00F1AAC1 /* SettingsViewController.swift in Sources */ = {isa = PBXBuildFile; fileRef = 77BFE9D51A814C5F00F1AAC1 /* SettingsViewController.swift */; };
		77CEFCEE1A79C041001B0A02 /* AppDelegate.swift in Sources */ = {isa = PBXBuildFile; fileRef = 77CEFCED1A79C041001B0A02 /* AppDelegate.swift */; };
		77CEFCF11A79C041001B0A02 /* SwiftSkeleton.xcdatamodeld in Sources */ = {isa = PBXBuildFile; fileRef = 77CEFCEF1A79C041001B0A02 /* SwiftSkeleton.xcdatamodeld */; };
		77CEFCF31A79C041001B0A02 /* ViewController.swift in Sources */ = {isa = PBXBuildFile; fileRef = 77CEFCF21A79C041001B0A02 /* ViewController.swift */; };
		77CEFCF61A79C041001B0A02 /* Main.storyboard in Resources */ = {isa = PBXBuildFile; fileRef = 77CEFCF41A79C041001B0A02 /* Main.storyboard */; };
		77CEFCF81A79C041001B0A02 /* Images.xcassets in Resources */ = {isa = PBXBuildFile; fileRef = 77CEFCF71A79C041001B0A02 /* Images.xcassets */; };
		77CEFCFB1A79C041001B0A02 /* LaunchScreen.xib in Resources */ = {isa = PBXBuildFile; fileRef = 77CEFCF91A79C041001B0A02 /* LaunchScreen.xib */; };
		77CEFD071A79C041001B0A02 /* SwiftSkeletonTests.swift in Sources */ = {isa = PBXBuildFile; fileRef = 77CEFD061A79C041001B0A02 /* SwiftSkeletonTests.swift */; };
		77CEFE1D1A79C48F001B0A02 /* AlamofireSwiftyJSON.framework in Frameworks */ = {isa = PBXBuildFile; fileRef = 77CEFDFF1A79C280001B0A02 /* AlamofireSwiftyJSON.framework */; };
		77CEFE1E1A79C48F001B0A02 /* AlamofireSwiftyJSON.framework in Embed Frameworks */ = {isa = PBXBuildFile; fileRef = 77CEFDFF1A79C280001B0A02 /* AlamofireSwiftyJSON.framework */; settings = {ATTRIBUTES = (CodeSignOnCopy, RemoveHeadersOnCopy, ); }; };
		77CEFE271A79D5CE001B0A02 /* AnimatedMenuButton.swift in Sources */ = {isa = PBXBuildFile; fileRef = 77CEFE221A79D5CE001B0A02 /* AnimatedMenuButton.swift */; };
		77CEFE281A79D5CE001B0A02 /* DrawerBarButtonItem.swift in Sources */ = {isa = PBXBuildFile; fileRef = 77CEFE231A79D5CE001B0A02 /* DrawerBarButtonItem.swift */; };
		77CEFE291A79D5CE001B0A02 /* DrawerController.swift in Sources */ = {isa = PBXBuildFile; fileRef = 77CEFE241A79D5CE001B0A02 /* DrawerController.swift */; };
		77CEFE2A1A79D5CE001B0A02 /* DrawerVisualState.swift in Sources */ = {isa = PBXBuildFile; fileRef = 77CEFE251A79D5CE001B0A02 /* DrawerVisualState.swift */; };
		77CEFE2C1A79D78B001B0A02 /* Singleton.swift in Sources */ = {isa = PBXBuildFile; fileRef = 77CEFE2B1A79D78B001B0A02 /* Singleton.swift */; };
		77CEFE2E1A79DD46001B0A02 /* SavedSongsViewController.swift in Sources */ = {isa = PBXBuildFile; fileRef = 77CEFE2D1A79DD46001B0A02 /* SavedSongsViewController.swift */; };
		77DDCDA21A86D93A0062B83F /* ChooseTrackView.swift in Sources */ = {isa = PBXBuildFile; fileRef = 77DDCDA11A86D93A0062B83F /* ChooseTrackView.swift */; };
		77DDCDA51A86E02E0062B83F /* Taylor.png in Resources */ = {isa = PBXBuildFile; fileRef = 77DDCDA41A86E02E0062B83F /* Taylor.png */; };
		77E0EE261A98025100C9C7E6 /* SwiftyJSON.framework in Frameworks */ = {isa = PBXBuildFile; fileRef = 77E0EE251A98025100C9C7E6 /* SwiftyJSON.framework */; };
		77E0EE271A98025100C9C7E6 /* SwiftyJSON.framework in Embed Frameworks */ = {isa = PBXBuildFile; fileRef = 77E0EE251A98025100C9C7E6 /* SwiftyJSON.framework */; settings = {ATTRIBUTES = (CodeSignOnCopy, RemoveHeadersOnCopy, ); }; };
		77E0EE2A1A98025600C9C7E6 /* Alamofire.framework in Frameworks */ = {isa = PBXBuildFile; fileRef = 77E0EE291A98025600C9C7E6 /* Alamofire.framework */; };
		77E0EE2B1A98025600C9C7E6 /* Alamofire.framework in Embed Frameworks */ = {isa = PBXBuildFile; fileRef = 77E0EE291A98025600C9C7E6 /* Alamofire.framework */; settings = {ATTRIBUTES = (CodeSignOnCopy, RemoveHeadersOnCopy, ); }; };
		77E2B73E1A7C16CC00E3C4BC /* CenterViewController.swift in Sources */ = {isa = PBXBuildFile; fileRef = 77E2B73D1A7C16CC00E3C4BC /* CenterViewController.swift */; };
		B86276C91A86FEF3004EEF50 /* AnimatedStartButton.swift in Sources */ = {isa = PBXBuildFile; fileRef = B86276C81A86FEF3004EEF50 /* AnimatedStartButton.swift */; };
/* End PBXBuildFile section */

/* Begin PBXContainerItemProxy section */
		77AAD4B21A9A812F005F493E /* PBXContainerItemProxy */ = {
			isa = PBXContainerItemProxy;
			containerPortal = 774280511A952B7900C3BF9B /* OAuthSwift.xcodeproj */;
			proxyType = 2;
			remoteGlobalIDString = F451E3C5195B8CD80051434C;
			remoteInfo = OAuthSwiftDemo;
		};
		77AAD4B41A9A812F005F493E /* PBXContainerItemProxy */ = {
			isa = PBXContainerItemProxy;
			containerPortal = 774280511A952B7900C3BF9B /* OAuthSwift.xcodeproj */;
			proxyType = 2;
			remoteGlobalIDString = F435027A1A6791B200038A29;
			remoteInfo = OAuthSwift;
		};
		77AAD4B81A9A817D005F493E /* PBXContainerItemProxy */ = {
			isa = PBXContainerItemProxy;
			containerPortal = 774280511A952B7900C3BF9B /* OAuthSwift.xcodeproj */;
			proxyType = 1;
			remoteGlobalIDString = F43502791A6791B200038A29;
			remoteInfo = OAuthSwift;
		};
		77CEFD011A79C041001B0A02 /* PBXContainerItemProxy */ = {
			isa = PBXContainerItemProxy;
			containerPortal = 77CEFCE01A79C041001B0A02 /* Project object */;
			proxyType = 1;
			remoteGlobalIDString = 77CEFCE71A79C041001B0A02;
			remoteInfo = SwiftSkeleton;
		};
		77CEFDFE1A79C280001B0A02 /* PBXContainerItemProxy */ = {
			isa = PBXContainerItemProxy;
			containerPortal = 77CEFDF71A79C280001B0A02 /* Alamofire-SwiftyJSON.xcodeproj */;
			proxyType = 2;
			remoteGlobalIDString = A8AFB70F19D1401D0070765E;
			remoteInfo = AlamofireSwiftyJSON;
		};
		77CEFE001A79C280001B0A02 /* PBXContainerItemProxy */ = {
			isa = PBXContainerItemProxy;
			containerPortal = 77CEFDF71A79C280001B0A02 /* Alamofire-SwiftyJSON.xcodeproj */;
			proxyType = 2;
			remoteGlobalIDString = A8AFB71A19D1401D0070765E;
			remoteInfo = AlamofireSwiftyJSONTests;
		};
		77CEFE081A79C293001B0A02 /* PBXContainerItemProxy */ = {
			isa = PBXContainerItemProxy;
			containerPortal = 77CEFDF71A79C280001B0A02 /* Alamofire-SwiftyJSON.xcodeproj */;
			proxyType = 1;
			remoteGlobalIDString = A8AFB70E19D1401D0070765E;
			remoteInfo = AlamofireSwiftyJSON;
		};
		77CEFE1F1A79C48F001B0A02 /* PBXContainerItemProxy */ = {
			isa = PBXContainerItemProxy;
			containerPortal = 77CEFDF71A79C280001B0A02 /* Alamofire-SwiftyJSON.xcodeproj */;
			proxyType = 1;
			remoteGlobalIDString = A8AFB70E19D1401D0070765E;
			remoteInfo = AlamofireSwiftyJSON;
		};
/* End PBXContainerItemProxy section */

/* Begin PBXCopyFilesBuildPhase section */
		77CEFE131A79C462001B0A02 /* Embed Frameworks */ = {
			isa = PBXCopyFilesBuildPhase;
			buildActionMask = 2147483647;
			dstPath = "";
			dstSubfolderSpec = 10;
			files = (
				77E0EE271A98025100C9C7E6 /* SwiftyJSON.framework in Embed Frameworks */,
				77E0EE2B1A98025600C9C7E6 /* Alamofire.framework in Embed Frameworks */,
				77AAD4B71A9A817D005F493E /* OAuthSwift.framework in Embed Frameworks */,
				77CEFE1E1A79C48F001B0A02 /* AlamofireSwiftyJSON.framework in Embed Frameworks */,
			);
			name = "Embed Frameworks";
			runOnlyForDeploymentPostprocessing = 0;
		};
/* End PBXCopyFilesBuildPhase section */

/* Begin PBXFileReference section */
		77040AE81A86CA3E0065D260 /* MDCGeometry.h */ = {isa = PBXFileReference; fileEncoding = 4; lastKnownFileType = sourcecode.c.h; path = MDCGeometry.h; sourceTree = "<group>"; };
		77040AE91A86CA3E0065D260 /* MDCGeometry.m */ = {isa = PBXFileReference; fileEncoding = 4; lastKnownFileType = sourcecode.c.objc; path = MDCGeometry.m; sourceTree = "<group>"; };
		77040AEB1A86CA3E0065D260 /* MDCViewState.h */ = {isa = PBXFileReference; fileEncoding = 4; lastKnownFileType = sourcecode.c.h; path = MDCViewState.h; sourceTree = "<group>"; };
		77040AEC1A86CA3E0065D260 /* MDCViewState.m */ = {isa = PBXFileReference; fileEncoding = 4; lastKnownFileType = sourcecode.c.objc; path = MDCViewState.m; sourceTree = "<group>"; };
		77040AED1A86CA3E0065D260 /* UIColor+MDCRGB8Bit.h */ = {isa = PBXFileReference; fileEncoding = 4; lastKnownFileType = sourcecode.c.h; path = "UIColor+MDCRGB8Bit.h"; sourceTree = "<group>"; };
		77040AEE1A86CA3E0065D260 /* UIColor+MDCRGB8Bit.m */ = {isa = PBXFileReference; fileEncoding = 4; lastKnownFileType = sourcecode.c.objc; path = "UIColor+MDCRGB8Bit.m"; sourceTree = "<group>"; };
		77040AF01A86CA3E0065D260 /* UIView+MDCBorderedLabel.h */ = {isa = PBXFileReference; fileEncoding = 4; lastKnownFileType = sourcecode.c.h; path = "UIView+MDCBorderedLabel.h"; sourceTree = "<group>"; };
		77040AF11A86CA3E0065D260 /* UIView+MDCBorderedLabel.m */ = {isa = PBXFileReference; fileEncoding = 4; lastKnownFileType = sourcecode.c.objc; path = "UIView+MDCBorderedLabel.m"; sourceTree = "<group>"; };
		77040AF21A86CA3E0065D260 /* MDCSwipeToChoose-Prefix.pch */ = {isa = PBXFileReference; fileEncoding = 4; lastKnownFileType = sourcecode.c.h; path = "MDCSwipeToChoose-Prefix.pch"; sourceTree = "<group>"; };
		77040AF41A86CA3E0065D260 /* MDCSwipeToChoose.h */ = {isa = PBXFileReference; fileEncoding = 4; lastKnownFileType = sourcecode.c.h; path = MDCSwipeToChoose.h; sourceTree = "<group>"; };
		77040AF61A86CA3E0065D260 /* MDCSwipeOptions.h */ = {isa = PBXFileReference; fileEncoding = 4; lastKnownFileType = sourcecode.c.h; path = MDCSwipeOptions.h; sourceTree = "<group>"; };
		77040AF71A86CA3E0065D260 /* MDCSwipeOptions.m */ = {isa = PBXFileReference; fileEncoding = 4; lastKnownFileType = sourcecode.c.objc; path = MDCSwipeOptions.m; sourceTree = "<group>"; };
		77040AF81A86CA3E0065D260 /* MDCSwipeToChooseViewOptions.h */ = {isa = PBXFileReference; fileEncoding = 4; lastKnownFileType = sourcecode.c.h; path = MDCSwipeToChooseViewOptions.h; sourceTree = "<group>"; };
		77040AF91A86CA3E0065D260 /* MDCSwipeToChooseViewOptions.m */ = {isa = PBXFileReference; fileEncoding = 4; lastKnownFileType = sourcecode.c.objc; path = MDCSwipeToChooseViewOptions.m; sourceTree = "<group>"; };
		77040AFB1A86CA3E0065D260 /* MDCPanState.h */ = {isa = PBXFileReference; fileEncoding = 4; lastKnownFileType = sourcecode.c.h; path = MDCPanState.h; sourceTree = "<group>"; };
		77040AFC1A86CA3E0065D260 /* MDCPanState.m */ = {isa = PBXFileReference; fileEncoding = 4; lastKnownFileType = sourcecode.c.objc; path = MDCPanState.m; sourceTree = "<group>"; };
		77040AFD1A86CA3E0065D260 /* MDCSwipeDirection.h */ = {isa = PBXFileReference; fileEncoding = 4; lastKnownFileType = sourcecode.c.h; path = MDCSwipeDirection.h; sourceTree = "<group>"; };
		77040AFE1A86CA3E0065D260 /* MDCSwipeResult.h */ = {isa = PBXFileReference; fileEncoding = 4; lastKnownFileType = sourcecode.c.h; path = MDCSwipeResult.h; sourceTree = "<group>"; };
		77040AFF1A86CA3E0065D260 /* MDCSwipeResult.m */ = {isa = PBXFileReference; fileEncoding = 4; lastKnownFileType = sourcecode.c.objc; path = MDCSwipeResult.m; sourceTree = "<group>"; };
		77040B011A86CA3E0065D260 /* MDCSwipeToChooseDelegate.h */ = {isa = PBXFileReference; fileEncoding = 4; lastKnownFileType = sourcecode.c.h; path = MDCSwipeToChooseDelegate.h; sourceTree = "<group>"; };
		77040B021A86CA3E0065D260 /* MDCSwipeToChooseView.h */ = {isa = PBXFileReference; fileEncoding = 4; lastKnownFileType = sourcecode.c.h; path = MDCSwipeToChooseView.h; sourceTree = "<group>"; };
		77040B031A86CA3E0065D260 /* MDCSwipeToChooseView.m */ = {isa = PBXFileReference; fileEncoding = 4; lastKnownFileType = sourcecode.c.objc; path = MDCSwipeToChooseView.m; sourceTree = "<group>"; };
		77040B041A86CA3E0065D260 /* UIView+MDCSwipeToChoose.h */ = {isa = PBXFileReference; fileEncoding = 4; lastKnownFileType = sourcecode.c.h; path = "UIView+MDCSwipeToChoose.h"; sourceTree = "<group>"; };
		77040B051A86CA3E0065D260 /* UIView+MDCSwipeToChoose.m */ = {isa = PBXFileReference; fileEncoding = 4; lastKnownFileType = sourcecode.c.objc; path = "UIView+MDCSwipeToChoose.m"; sourceTree = "<group>"; };
		77040B111A86CB540065D260 /* SwiftSkeleton-Bridging-Header.h */ = {isa = PBXFileReference; fileEncoding = 4; lastKnownFileType = sourcecode.c.h; name = "SwiftSkeleton-Bridging-Header.h"; path = "SwiftSkeleton/SwiftSkeleton-Bridging-Header.h"; sourceTree = SOURCE_ROOT; };
		774280351A952B2100C3BF9B /* Credentials.swift */ = {isa = PBXFileReference; fileEncoding = 4; lastKnownFileType = sourcecode.swift; path = Credentials.swift; sourceTree = "<group>"; };
		774280411A952B7900C3BF9B /* Dictionary+OAuthSwift.swift */ = {isa = PBXFileReference; fileEncoding = 4; lastKnownFileType = sourcecode.swift; path = "Dictionary+OAuthSwift.swift"; sourceTree = "<group>"; };
		774280421A952B7900C3BF9B /* HMAC.swift */ = {isa = PBXFileReference; fileEncoding = 4; lastKnownFileType = sourcecode.swift; path = HMAC.swift; sourceTree = "<group>"; };
		774280431A952B7900C3BF9B /* Info.plist */ = {isa = PBXFileReference; fileEncoding = 4; lastKnownFileType = text.plist.xml; path = Info.plist; sourceTree = "<group>"; };
		774280441A952B7900C3BF9B /* Int+OAuthSwift.swift */ = {isa = PBXFileReference; fileEncoding = 4; lastKnownFileType = sourcecode.swift; path = "Int+OAuthSwift.swift"; sourceTree = "<group>"; };
		774280451A952B7900C3BF9B /* NSData+OAuthSwift.swift */ = {isa = PBXFileReference; fileEncoding = 4; lastKnownFileType = sourcecode.swift; path = "NSData+OAuthSwift.swift"; sourceTree = "<group>"; };
		774280461A952B7900C3BF9B /* NSURL+OAuthSwift.swift */ = {isa = PBXFileReference; fileEncoding = 4; lastKnownFileType = sourcecode.swift; path = "NSURL+OAuthSwift.swift"; sourceTree = "<group>"; };
		774280471A952B7900C3BF9B /* OAuth1Swift.swift */ = {isa = PBXFileReference; fileEncoding = 4; lastKnownFileType = sourcecode.swift; path = OAuth1Swift.swift; sourceTree = "<group>"; };
		774280481A952B7900C3BF9B /* OAuth2Swift.swift */ = {isa = PBXFileReference; fileEncoding = 4; lastKnownFileType = sourcecode.swift; path = OAuth2Swift.swift; sourceTree = "<group>"; };
		774280491A952B7900C3BF9B /* OAuthSwift.h */ = {isa = PBXFileReference; fileEncoding = 4; lastKnownFileType = sourcecode.c.h; path = OAuthSwift.h; sourceTree = "<group>"; };
		7742804A1A952B7900C3BF9B /* OAuthSwiftClient.swift */ = {isa = PBXFileReference; fileEncoding = 4; lastKnownFileType = sourcecode.swift; path = OAuthSwiftClient.swift; sourceTree = "<group>"; };
		7742804B1A952B7900C3BF9B /* OAuthSwiftCredential.swift */ = {isa = PBXFileReference; fileEncoding = 4; lastKnownFileType = sourcecode.swift; path = OAuthSwiftCredential.swift; sourceTree = "<group>"; };
		7742804C1A952B7900C3BF9B /* OAuthSwiftHTTPRequest.swift */ = {isa = PBXFileReference; fileEncoding = 4; lastKnownFileType = sourcecode.swift; path = OAuthSwiftHTTPRequest.swift; sourceTree = "<group>"; };
		7742804D1A952B7900C3BF9B /* OAuthWebViewController.swift */ = {isa = PBXFileReference; fileEncoding = 4; lastKnownFileType = sourcecode.swift; path = OAuthWebViewController.swift; sourceTree = "<group>"; };
		7742804E1A952B7900C3BF9B /* SHA1.swift */ = {isa = PBXFileReference; fileEncoding = 4; lastKnownFileType = sourcecode.swift; path = SHA1.swift; sourceTree = "<group>"; };
		7742804F1A952B7900C3BF9B /* String+OAuthSwift.swift */ = {isa = PBXFileReference; fileEncoding = 4; lastKnownFileType = sourcecode.swift; path = "String+OAuthSwift.swift"; sourceTree = "<group>"; };
		774280501A952B7900C3BF9B /* Utils.swift */ = {isa = PBXFileReference; fileEncoding = 4; lastKnownFileType = sourcecode.swift; path = Utils.swift; sourceTree = "<group>"; };
		774280511A952B7900C3BF9B /* OAuthSwift.xcodeproj */ = {isa = PBXFileReference; lastKnownFileType = "wrapper.pb-project"; path = OAuthSwift.xcodeproj; sourceTree = "<group>"; };
		774280691A952B9B00C3BF9B /* OAuthSwift.framework */ = {isa = PBXFileReference; lastKnownFileType = wrapper.framework; name = OAuthSwift.framework; path = "../../../../Library/Developer/Xcode/DerivedData/SwiftSkeleton-bxkqakgmzxltviempxlbqfrgfsfq/Build/Products/Debug-iphoneos/OAuthSwift.framework"; sourceTree = "<group>"; };
		776A5A541A87344000D7B091 /* NSMutableArray+STKAudioPlayer.h */ = {isa = PBXFileReference; fileEncoding = 4; lastKnownFileType = sourcecode.c.h; path = "NSMutableArray+STKAudioPlayer.h"; sourceTree = "<group>"; };
		776A5A551A87344000D7B091 /* NSMutableArray+STKAudioPlayer.m */ = {isa = PBXFileReference; fileEncoding = 4; lastKnownFileType = sourcecode.c.objc; path = "NSMutableArray+STKAudioPlayer.m"; sourceTree = "<group>"; };
		776A5A561A87344000D7B091 /* STKAudioPlayer.h */ = {isa = PBXFileReference; fileEncoding = 4; lastKnownFileType = sourcecode.c.h; path = STKAudioPlayer.h; sourceTree = "<group>"; };
		776A5A571A87344000D7B091 /* STKAudioPlayer.m */ = {isa = PBXFileReference; fileEncoding = 4; lastKnownFileType = sourcecode.c.objc; path = STKAudioPlayer.m; sourceTree = "<group>"; };
		776A5A581A87344000D7B091 /* STKAutoRecoveringHTTPDataSource.h */ = {isa = PBXFileReference; fileEncoding = 4; lastKnownFileType = sourcecode.c.h; path = STKAutoRecoveringHTTPDataSource.h; sourceTree = "<group>"; };
		776A5A591A87344000D7B091 /* STKAutoRecoveringHTTPDataSource.m */ = {isa = PBXFileReference; fileEncoding = 4; lastKnownFileType = sourcecode.c.objc; path = STKAutoRecoveringHTTPDataSource.m; sourceTree = "<group>"; };
		776A5A5A1A87344000D7B091 /* STKCoreFoundationDataSource.h */ = {isa = PBXFileReference; fileEncoding = 4; lastKnownFileType = sourcecode.c.h; path = STKCoreFoundationDataSource.h; sourceTree = "<group>"; };
		776A5A5B1A87344000D7B091 /* STKCoreFoundationDataSource.m */ = {isa = PBXFileReference; fileEncoding = 4; lastKnownFileType = sourcecode.c.objc; path = STKCoreFoundationDataSource.m; sourceTree = "<group>"; };
		776A5A5C1A87344000D7B091 /* STKDataSource.h */ = {isa = PBXFileReference; fileEncoding = 4; lastKnownFileType = sourcecode.c.h; path = STKDataSource.h; sourceTree = "<group>"; };
		776A5A5D1A87344000D7B091 /* STKDataSource.m */ = {isa = PBXFileReference; fileEncoding = 4; lastKnownFileType = sourcecode.c.objc; path = STKDataSource.m; sourceTree = "<group>"; };
		776A5A5E1A87344000D7B091 /* STKDataSourceWrapper.h */ = {isa = PBXFileReference; fileEncoding = 4; lastKnownFileType = sourcecode.c.h; path = STKDataSourceWrapper.h; sourceTree = "<group>"; };
		776A5A5F1A87344000D7B091 /* STKDataSourceWrapper.m */ = {isa = PBXFileReference; fileEncoding = 4; lastKnownFileType = sourcecode.c.objc; path = STKDataSourceWrapper.m; sourceTree = "<group>"; };
		776A5A601A87344000D7B091 /* STKHTTPDataSource.h */ = {isa = PBXFileReference; fileEncoding = 4; lastKnownFileType = sourcecode.c.h; path = STKHTTPDataSource.h; sourceTree = "<group>"; };
		776A5A611A87344000D7B091 /* STKHTTPDataSource.m */ = {isa = PBXFileReference; fileEncoding = 4; lastKnownFileType = sourcecode.c.objc; path = STKHTTPDataSource.m; sourceTree = "<group>"; };
		776A5A621A87344000D7B091 /* STKLocalFileDataSource.h */ = {isa = PBXFileReference; fileEncoding = 4; lastKnownFileType = sourcecode.c.h; path = STKLocalFileDataSource.h; sourceTree = "<group>"; };
		776A5A631A87344000D7B091 /* STKLocalFileDataSource.m */ = {isa = PBXFileReference; fileEncoding = 4; lastKnownFileType = sourcecode.c.objc; path = STKLocalFileDataSource.m; sourceTree = "<group>"; };
		776A5A641A87344000D7B091 /* STKQueueEntry.h */ = {isa = PBXFileReference; fileEncoding = 4; lastKnownFileType = sourcecode.c.h; path = STKQueueEntry.h; sourceTree = "<group>"; };
		776A5A651A87344000D7B091 /* STKQueueEntry.m */ = {isa = PBXFileReference; fileEncoding = 4; lastKnownFileType = sourcecode.c.objc; path = STKQueueEntry.m; sourceTree = "<group>"; };
		776A5A661A87344000D7B091 /* StreamingKit-Prefix.pch */ = {isa = PBXFileReference; fileEncoding = 4; lastKnownFileType = sourcecode.c.h; path = "StreamingKit-Prefix.pch"; sourceTree = "<group>"; };
		776A5A711A8738FE00D7B091 /* AVFoundation.framework */ = {isa = PBXFileReference; lastKnownFileType = wrapper.framework; name = AVFoundation.framework; path = System/Library/Frameworks/AVFoundation.framework; sourceTree = SDKROOT; };
		776A5A721A8738FE00D7B091 /* AVKit.framework */ = {isa = PBXFileReference; lastKnownFileType = wrapper.framework; name = AVKit.framework; path = System/Library/Frameworks/AVKit.framework; sourceTree = SDKROOT; };
		776A5A7B1A87A41100D7B091 /* GenresViewController.swift */ = {isa = PBXFileReference; fileEncoding = 4; lastKnownFileType = sourcecode.swift; path = GenresViewController.swift; sourceTree = "<group>"; };
		776A5A8A1A87DB7A00D7B091 /* Icon-72.png */ = {isa = PBXFileReference; lastKnownFileType = image.png; path = "Icon-72.png"; sourceTree = "<group>"; };
		776A5A8B1A87DB7A00D7B091 /* Icon-72@2x.png */ = {isa = PBXFileReference; lastKnownFileType = image.png; path = "Icon-72@2x.png"; sourceTree = "<group>"; };
		776A5A8C1A87DB7A00D7B091 /* Icon-Small-50.png */ = {isa = PBXFileReference; lastKnownFileType = image.png; path = "Icon-Small-50.png"; sourceTree = "<group>"; };
		776A5A8D1A87DB7A00D7B091 /* Icon-Small-50@2x.png */ = {isa = PBXFileReference; lastKnownFileType = image.png; path = "Icon-Small-50@2x.png"; sourceTree = "<group>"; };
		776A5A8E1A87DB7A00D7B091 /* Icon-Small.png */ = {isa = PBXFileReference; lastKnownFileType = image.png; path = "Icon-Small.png"; sourceTree = "<group>"; };
		776A5A8F1A87DB7A00D7B091 /* Icon-Small@2x.png */ = {isa = PBXFileReference; lastKnownFileType = image.png; path = "Icon-Small@2x.png"; sourceTree = "<group>"; };
		776A5A901A87DB7A00D7B091 /* Icon.png */ = {isa = PBXFileReference; lastKnownFileType = image.png; path = Icon.png; sourceTree = "<group>"; };
		776A5A911A87DB7A00D7B091 /* Icon@2x.png */ = {isa = PBXFileReference; lastKnownFileType = image.png; path = "Icon@2x.png"; sourceTree = "<group>"; };
		776A5A921A87DB7A00D7B091 /* iTunesArtwork.png */ = {isa = PBXFileReference; lastKnownFileType = image.png; path = iTunesArtwork.png; sourceTree = "<group>"; };
		776A5A931A87DB7A00D7B091 /* iTunesArtwork@2x.png */ = {isa = PBXFileReference; lastKnownFileType = image.png; path = "iTunesArtwork@2x.png"; sourceTree = "<group>"; };
		776A5A951A87DB7A00D7B091 /* Icon-40.png */ = {isa = PBXFileReference; lastKnownFileType = image.png; path = "Icon-40.png"; sourceTree = "<group>"; };
		776A5A961A87DB7A00D7B091 /* Icon-40@2x.png */ = {isa = PBXFileReference; lastKnownFileType = image.png; path = "Icon-40@2x.png"; sourceTree = "<group>"; };
		776A5A971A87DB7A00D7B091 /* Icon-40@3x.png */ = {isa = PBXFileReference; lastKnownFileType = image.png; path = "Icon-40@3x.png"; sourceTree = "<group>"; };
		776A5A981A87DB7A00D7B091 /* Icon-60.png */ = {isa = PBXFileReference; lastKnownFileType = image.png; path = "Icon-60.png"; sourceTree = "<group>"; };
		776A5A991A87DB7A00D7B091 /* Icon-60@2x.png */ = {isa = PBXFileReference; lastKnownFileType = image.png; path = "Icon-60@2x.png"; sourceTree = "<group>"; };
		776A5A9A1A87DB7A00D7B091 /* Icon-76.png */ = {isa = PBXFileReference; lastKnownFileType = image.png; path = "Icon-76.png"; sourceTree = "<group>"; };
		776A5A9B1A87DB7A00D7B091 /* Icon-76@2x.png */ = {isa = PBXFileReference; lastKnownFileType = image.png; path = "Icon-76@2x.png"; sourceTree = "<group>"; };
		776A5A9C1A87DB7A00D7B091 /* Icon-Small.png */ = {isa = PBXFileReference; lastKnownFileType = image.png; path = "Icon-Small.png"; sourceTree = "<group>"; };
		776A5A9D1A87DB7A00D7B091 /* Icon-Small@2x.png */ = {isa = PBXFileReference; lastKnownFileType = image.png; path = "Icon-Small@2x.png"; sourceTree = "<group>"; };
		776A5A9E1A87DB7A00D7B091 /* Icon-Small@3x.png */ = {isa = PBXFileReference; lastKnownFileType = image.png; path = "Icon-Small@3x.png"; sourceTree = "<group>"; };
		776A5A9F1A87DB7A00D7B091 /* Icon@3x.png */ = {isa = PBXFileReference; lastKnownFileType = image.png; path = "Icon@3x.png"; sourceTree = "<group>"; };
		776A5AA01A87DB7A00D7B091 /* iTunesArtwork.png */ = {isa = PBXFileReference; lastKnownFileType = image.png; path = iTunesArtwork.png; sourceTree = "<group>"; };
		776A5AA11A87DB7A00D7B091 /* iTunesArtwork@2x.png */ = {isa = PBXFileReference; lastKnownFileType = image.png; path = "iTunesArtwork@2x.png"; sourceTree = "<group>"; };
		776A5ABA1A87DDD700D7B091 /* SwiftSpinner.swift */ = {isa = PBXFileReference; fileEncoding = 4; lastKnownFileType = sourcecode.swift; path = SwiftSpinner.swift; sourceTree = "<group>"; };
		778084121A9A846D007CBD7F /* WebViewController.swift */ = {isa = PBXFileReference; fileEncoding = 4; lastKnownFileType = sourcecode.swift; path = WebViewController.swift; sourceTree = "<group>"; };
		77B856F71A79E4BB00A51186 /* MainViewController.swift */ = {isa = PBXFileReference; fileEncoding = 4; lastKnownFileType = sourcecode.swift; path = MainViewController.swift; sourceTree = "<group>"; };
		77B856FD1A79EC1A00A51186 /* ConnectionManager.swift */ = {isa = PBXFileReference; fileEncoding = 4; lastKnownFileType = sourcecode.swift; path = ConnectionManager.swift; sourceTree = "<group>"; };
		77B857001A7A9E3500A51186 /* Model.swift */ = {isa = PBXFileReference; fileEncoding = 4; lastKnownFileType = sourcecode.swift; path = Model.swift; sourceTree = "<group>"; };
		77BFE9D51A814C5F00F1AAC1 /* SettingsViewController.swift */ = {isa = PBXFileReference; fileEncoding = 4; lastKnownFileType = sourcecode.swift; path = SettingsViewController.swift; sourceTree = "<group>"; };
		77CEFCE81A79C041001B0A02 /* SwiftSkeleton.app */ = {isa = PBXFileReference; explicitFileType = wrapper.application; includeInIndex = 0; path = SwiftSkeleton.app; sourceTree = BUILT_PRODUCTS_DIR; };
		77CEFCEC1A79C041001B0A02 /* Info.plist */ = {isa = PBXFileReference; lastKnownFileType = text.plist.xml; path = Info.plist; sourceTree = "<group>"; };
		77CEFCED1A79C041001B0A02 /* AppDelegate.swift */ = {isa = PBXFileReference; lastKnownFileType = sourcecode.swift; path = AppDelegate.swift; sourceTree = "<group>"; };
		77CEFCF01A79C041001B0A02 /* SwiftSkeleton.xcdatamodel */ = {isa = PBXFileReference; lastKnownFileType = wrapper.xcdatamodel; path = SwiftSkeleton.xcdatamodel; sourceTree = "<group>"; };
		77CEFCF21A79C041001B0A02 /* ViewController.swift */ = {isa = PBXFileReference; lastKnownFileType = sourcecode.swift; path = ViewController.swift; sourceTree = "<group>"; };
		77CEFCF51A79C041001B0A02 /* Base */ = {isa = PBXFileReference; lastKnownFileType = file.storyboard; name = Base; path = Base.lproj/Main.storyboard; sourceTree = "<group>"; };
		77CEFCF71A79C041001B0A02 /* Images.xcassets */ = {isa = PBXFileReference; lastKnownFileType = folder.assetcatalog; path = Images.xcassets; sourceTree = "<group>"; };
		77CEFCFA1A79C041001B0A02 /* Base */ = {isa = PBXFileReference; lastKnownFileType = file.xib; name = Base; path = Base.lproj/LaunchScreen.xib; sourceTree = "<group>"; };
		77CEFD001A79C041001B0A02 /* SwiftSkeletonTests.xctest */ = {isa = PBXFileReference; explicitFileType = wrapper.cfbundle; includeInIndex = 0; path = SwiftSkeletonTests.xctest; sourceTree = BUILT_PRODUCTS_DIR; };
		77CEFD051A79C041001B0A02 /* Info.plist */ = {isa = PBXFileReference; lastKnownFileType = text.plist.xml; path = Info.plist; sourceTree = "<group>"; };
		77CEFD061A79C041001B0A02 /* SwiftSkeletonTests.swift */ = {isa = PBXFileReference; lastKnownFileType = sourcecode.swift; path = SwiftSkeletonTests.swift; sourceTree = "<group>"; };
		77CEFDF71A79C280001B0A02 /* Alamofire-SwiftyJSON.xcodeproj */ = {isa = PBXFileReference; lastKnownFileType = "wrapper.pb-project"; name = "Alamofire-SwiftyJSON.xcodeproj"; path = "External/Alamofire-SwiftyJSON/Alamofire-SwiftyJSON.xcodeproj"; sourceTree = "<group>"; };
		77CEFE221A79D5CE001B0A02 /* AnimatedMenuButton.swift */ = {isa = PBXFileReference; fileEncoding = 4; lastKnownFileType = sourcecode.swift; path = AnimatedMenuButton.swift; sourceTree = "<group>"; };
		77CEFE231A79D5CE001B0A02 /* DrawerBarButtonItem.swift */ = {isa = PBXFileReference; fileEncoding = 4; lastKnownFileType = sourcecode.swift; path = DrawerBarButtonItem.swift; sourceTree = "<group>"; };
		77CEFE241A79D5CE001B0A02 /* DrawerController.swift */ = {isa = PBXFileReference; fileEncoding = 4; lastKnownFileType = sourcecode.swift; lineEnding = 0; path = DrawerController.swift; sourceTree = "<group>"; };
		77CEFE251A79D5CE001B0A02 /* DrawerVisualState.swift */ = {isa = PBXFileReference; fileEncoding = 4; lastKnownFileType = sourcecode.swift; path = DrawerVisualState.swift; sourceTree = "<group>"; };
		77CEFE2B1A79D78B001B0A02 /* Singleton.swift */ = {isa = PBXFileReference; fileEncoding = 4; lastKnownFileType = sourcecode.swift; path = Singleton.swift; sourceTree = "<group>"; };
		77CEFE2D1A79DD46001B0A02 /* SavedSongsViewController.swift */ = {isa = PBXFileReference; fileEncoding = 4; lastKnownFileType = sourcecode.swift; path = SavedSongsViewController.swift; sourceTree = "<group>"; };
		77DDCDA11A86D93A0062B83F /* ChooseTrackView.swift */ = {isa = PBXFileReference; fileEncoding = 4; lastKnownFileType = sourcecode.swift; path = ChooseTrackView.swift; sourceTree = "<group>"; };
		77DDCDA41A86E02E0062B83F /* Taylor.png */ = {isa = PBXFileReference; lastKnownFileType = image.png; path = Taylor.png; sourceTree = "<group>"; };
		77E0EE251A98025100C9C7E6 /* SwiftyJSON.framework */ = {isa = PBXFileReference; explicitFileType = wrapper.framework; name = SwiftyJSON.framework; path = "/Users/wilsonzhao/Library/Developer/Xcode/DerivedData/SwiftSkeleton-bxkqakgmzxltviempxlbqfrgfsfq/Build/Products/Debug-iphoneos/SwiftyJSON.framework"; sourceTree = "<absolute>"; };
		77E0EE291A98025600C9C7E6 /* Alamofire.framework */ = {isa = PBXFileReference; explicitFileType = wrapper.framework; name = Alamofire.framework; path = "/Users/wilsonzhao/Library/Developer/Xcode/DerivedData/SwiftSkeleton-bxkqakgmzxltviempxlbqfrgfsfq/Build/Products/Debug-iphoneos/Alamofire.framework"; sourceTree = "<absolute>"; };
		77E2B73D1A7C16CC00E3C4BC /* CenterViewController.swift */ = {isa = PBXFileReference; fileEncoding = 4; lastKnownFileType = sourcecode.swift; path = CenterViewController.swift; sourceTree = "<group>"; };
		B86276C81A86FEF3004EEF50 /* AnimatedStartButton.swift */ = {isa = PBXFileReference; fileEncoding = 4; lastKnownFileType = sourcecode.swift; path = AnimatedStartButton.swift; sourceTree = "<group>"; };
/* End PBXFileReference section */

/* Begin PBXFrameworksBuildPhase section */
		77CEFCE51A79C041001B0A02 /* Frameworks */ = {
			isa = PBXFrameworksBuildPhase;
			buildActionMask = 2147483647;
			files = (
				7742806A1A952B9B00C3BF9B /* OAuthSwift.framework in Frameworks */,
				77E0EE261A98025100C9C7E6 /* SwiftyJSON.framework in Frameworks */,
				776A5A731A8738FE00D7B091 /* AVFoundation.framework in Frameworks */,
				776A5A741A8738FE00D7B091 /* AVKit.framework in Frameworks */,
				77E0EE2A1A98025600C9C7E6 /* Alamofire.framework in Frameworks */,
				77CEFE1D1A79C48F001B0A02 /* AlamofireSwiftyJSON.framework in Frameworks */,
				77AAD4B61A9A817D005F493E /* OAuthSwift.framework in Frameworks */,
			);
			runOnlyForDeploymentPostprocessing = 0;
		};
		77CEFCFD1A79C041001B0A02 /* Frameworks */ = {
			isa = PBXFrameworksBuildPhase;
			buildActionMask = 2147483647;
			files = (
			);
			runOnlyForDeploymentPostprocessing = 0;
		};
/* End PBXFrameworksBuildPhase section */

/* Begin PBXGroup section */
		77040AE61A86CA3E0065D260 /* MDCSwipeToChoose */ = {
			isa = PBXGroup;
			children = (
				77040AE71A86CA3E0065D260 /* Internal */,
				77040AF21A86CA3E0065D260 /* MDCSwipeToChoose-Prefix.pch */,
				77040AF31A86CA3E0065D260 /* Public */,
			);
			path = MDCSwipeToChoose;
			sourceTree = "<group>";
		};
		77040AE71A86CA3E0065D260 /* Internal */ = {
			isa = PBXGroup;
			children = (
				77040AE81A86CA3E0065D260 /* MDCGeometry.h */,
				77040AE91A86CA3E0065D260 /* MDCGeometry.m */,
				77040AEA1A86CA3E0065D260 /* State */,
				77040AED1A86CA3E0065D260 /* UIColor+MDCRGB8Bit.h */,
				77040AEE1A86CA3E0065D260 /* UIColor+MDCRGB8Bit.m */,
				77040AEF1A86CA3E0065D260 /* Views */,
			);
			path = Internal;
			sourceTree = "<group>";
		};
		77040AEA1A86CA3E0065D260 /* State */ = {
			isa = PBXGroup;
			children = (
				77040AEB1A86CA3E0065D260 /* MDCViewState.h */,
				77040AEC1A86CA3E0065D260 /* MDCViewState.m */,
			);
			path = State;
			sourceTree = "<group>";
		};
		77040AEF1A86CA3E0065D260 /* Views */ = {
			isa = PBXGroup;
			children = (
				77040AF01A86CA3E0065D260 /* UIView+MDCBorderedLabel.h */,
				77040AF11A86CA3E0065D260 /* UIView+MDCBorderedLabel.m */,
			);
			path = Views;
			sourceTree = "<group>";
		};
		77040AF31A86CA3E0065D260 /* Public */ = {
			isa = PBXGroup;
			children = (
				77040AF41A86CA3E0065D260 /* MDCSwipeToChoose.h */,
				77040AF51A86CA3E0065D260 /* Options */,
				77040AFA1A86CA3E0065D260 /* State */,
				77040B001A86CA3E0065D260 /* Views */,
			);
			path = Public;
			sourceTree = "<group>";
		};
		77040AF51A86CA3E0065D260 /* Options */ = {
			isa = PBXGroup;
			children = (
				77040AF61A86CA3E0065D260 /* MDCSwipeOptions.h */,
				77040AF71A86CA3E0065D260 /* MDCSwipeOptions.m */,
				77040AF81A86CA3E0065D260 /* MDCSwipeToChooseViewOptions.h */,
				77040AF91A86CA3E0065D260 /* MDCSwipeToChooseViewOptions.m */,
			);
			path = Options;
			sourceTree = "<group>";
		};
		77040AFA1A86CA3E0065D260 /* State */ = {
			isa = PBXGroup;
			children = (
				77040AFB1A86CA3E0065D260 /* MDCPanState.h */,
				77040AFC1A86CA3E0065D260 /* MDCPanState.m */,
				77040AFD1A86CA3E0065D260 /* MDCSwipeDirection.h */,
				77040AFE1A86CA3E0065D260 /* MDCSwipeResult.h */,
				77040AFF1A86CA3E0065D260 /* MDCSwipeResult.m */,
			);
			path = State;
			sourceTree = "<group>";
		};
		77040B001A86CA3E0065D260 /* Views */ = {
			isa = PBXGroup;
			children = (
				77040B011A86CA3E0065D260 /* MDCSwipeToChooseDelegate.h */,
				77040B021A86CA3E0065D260 /* MDCSwipeToChooseView.h */,
				77040B031A86CA3E0065D260 /* MDCSwipeToChooseView.m */,
				77040B041A86CA3E0065D260 /* UIView+MDCSwipeToChoose.h */,
				77040B051A86CA3E0065D260 /* UIView+MDCSwipeToChoose.m */,
			);
			path = Views;
			sourceTree = "<group>";
		};
		774280401A952B7900C3BF9B /* OAuthSwift */ = {
			isa = PBXGroup;
			children = (
				774280411A952B7900C3BF9B /* Dictionary+OAuthSwift.swift */,
				774280421A952B7900C3BF9B /* HMAC.swift */,
				774280431A952B7900C3BF9B /* Info.plist */,
				774280441A952B7900C3BF9B /* Int+OAuthSwift.swift */,
				774280451A952B7900C3BF9B /* NSData+OAuthSwift.swift */,
				774280461A952B7900C3BF9B /* NSURL+OAuthSwift.swift */,
				774280471A952B7900C3BF9B /* OAuth1Swift.swift */,
				774280481A952B7900C3BF9B /* OAuth2Swift.swift */,
				774280491A952B7900C3BF9B /* OAuthSwift.h */,
				7742804A1A952B7900C3BF9B /* OAuthSwiftClient.swift */,
				7742804B1A952B7900C3BF9B /* OAuthSwiftCredential.swift */,
				7742804C1A952B7900C3BF9B /* OAuthSwiftHTTPRequest.swift */,
				7742804D1A952B7900C3BF9B /* OAuthWebViewController.swift */,
				7742804E1A952B7900C3BF9B /* SHA1.swift */,
				7742804F1A952B7900C3BF9B /* String+OAuthSwift.swift */,
				774280501A952B7900C3BF9B /* Utils.swift */,
			);
			path = OAuthSwift;
			sourceTree = "<group>";
		};
		776A5A531A87344000D7B091 /* StreamingKit */ = {
			isa = PBXGroup;
			children = (
				776A5A541A87344000D7B091 /* NSMutableArray+STKAudioPlayer.h */,
				776A5A551A87344000D7B091 /* NSMutableArray+STKAudioPlayer.m */,
				776A5A561A87344000D7B091 /* STKAudioPlayer.h */,
				776A5A571A87344000D7B091 /* STKAudioPlayer.m */,
				776A5A581A87344000D7B091 /* STKAutoRecoveringHTTPDataSource.h */,
				776A5A591A87344000D7B091 /* STKAutoRecoveringHTTPDataSource.m */,
				776A5A5A1A87344000D7B091 /* STKCoreFoundationDataSource.h */,
				776A5A5B1A87344000D7B091 /* STKCoreFoundationDataSource.m */,
				776A5A5C1A87344000D7B091 /* STKDataSource.h */,
				776A5A5D1A87344000D7B091 /* STKDataSource.m */,
				776A5A5E1A87344000D7B091 /* STKDataSourceWrapper.h */,
				776A5A5F1A87344000D7B091 /* STKDataSourceWrapper.m */,
				776A5A601A87344000D7B091 /* STKHTTPDataSource.h */,
				776A5A611A87344000D7B091 /* STKHTTPDataSource.m */,
				776A5A621A87344000D7B091 /* STKLocalFileDataSource.h */,
				776A5A631A87344000D7B091 /* STKLocalFileDataSource.m */,
				776A5A641A87344000D7B091 /* STKQueueEntry.h */,
				776A5A651A87344000D7B091 /* STKQueueEntry.m */,
				776A5A661A87344000D7B091 /* StreamingKit-Prefix.pch */,
			);
			path = StreamingKit;
			sourceTree = "<group>";
		};
		776A5A891A87DB7A00D7B091 /* iOS 6 */ = {
			isa = PBXGroup;
			children = (
				776A5A8A1A87DB7A00D7B091 /* Icon-72.png */,
				776A5A8B1A87DB7A00D7B091 /* Icon-72@2x.png */,
				776A5A8C1A87DB7A00D7B091 /* Icon-Small-50.png */,
				776A5A8D1A87DB7A00D7B091 /* Icon-Small-50@2x.png */,
				776A5A8E1A87DB7A00D7B091 /* Icon-Small.png */,
				776A5A8F1A87DB7A00D7B091 /* Icon-Small@2x.png */,
				776A5A901A87DB7A00D7B091 /* Icon.png */,
				776A5A911A87DB7A00D7B091 /* Icon@2x.png */,
				776A5A921A87DB7A00D7B091 /* iTunesArtwork.png */,
				776A5A931A87DB7A00D7B091 /* iTunesArtwork@2x.png */,
			);
			path = "iOS 6";
			sourceTree = "<group>";
		};
		776A5A941A87DB7A00D7B091 /* iOS 7+ */ = {
			isa = PBXGroup;
			children = (
				776A5A951A87DB7A00D7B091 /* Icon-40.png */,
				776A5A961A87DB7A00D7B091 /* Icon-40@2x.png */,
				776A5A971A87DB7A00D7B091 /* Icon-40@3x.png */,
				776A5A981A87DB7A00D7B091 /* Icon-60.png */,
				776A5A991A87DB7A00D7B091 /* Icon-60@2x.png */,
				776A5A9A1A87DB7A00D7B091 /* Icon-76.png */,
				776A5A9B1A87DB7A00D7B091 /* Icon-76@2x.png */,
				776A5A9C1A87DB7A00D7B091 /* Icon-Small.png */,
				776A5A9D1A87DB7A00D7B091 /* Icon-Small@2x.png */,
				776A5A9E1A87DB7A00D7B091 /* Icon-Small@3x.png */,
				776A5A9F1A87DB7A00D7B091 /* Icon@3x.png */,
				776A5AA01A87DB7A00D7B091 /* iTunesArtwork.png */,
				776A5AA11A87DB7A00D7B091 /* iTunesArtwork@2x.png */,
			);
			path = "iOS 7+";
			sourceTree = "<group>";
		};
		77AAD4AD1A9A812F005F493E /* Products */ = {
			isa = PBXGroup;
			children = (
				77AAD4B31A9A812F005F493E /* OAuthSwiftDemo.app */,
				77AAD4B51A9A812F005F493E /* OAuthSwift.framework */,
			);
			name = Products;
			sourceTree = "<group>";
		};
		77B856FF1A7A9E1C00A51186 /* Models */ = {
			isa = PBXGroup;
			children = (
				77B857001A7A9E3500A51186 /* Model.swift */,
			);
			name = Models;
			sourceTree = "<group>";
		};
		77BFE9D31A81482C00F1AAC1 /* Core */ = {
			isa = PBXGroup;
			children = (
				77040B111A86CB540065D260 /* SwiftSkeleton-Bridging-Header.h */,
				77B856FD1A79EC1A00A51186 /* ConnectionManager.swift */,
				77CEFE2B1A79D78B001B0A02 /* Singleton.swift */,
				774280351A952B2100C3BF9B /* Credentials.swift */,
			);
			name = Core;
			sourceTree = "<group>";
		};
		77CEFCDF1A79C041001B0A02 = {
			isa = PBXGroup;
			children = (
				774280691A952B9B00C3BF9B /* OAuthSwift.framework */,
				77E0EE291A98025600C9C7E6 /* Alamofire.framework */,
				77E0EE251A98025100C9C7E6 /* SwiftyJSON.framework */,
				776A5A711A8738FE00D7B091 /* AVFoundation.framework */,
				776A5A721A8738FE00D7B091 /* AVKit.framework */,
				77CEFDF71A79C280001B0A02 /* Alamofire-SwiftyJSON.xcodeproj */,
				77CEFCEA1A79C041001B0A02 /* SwiftSkeleton */,
				77CEFD031A79C041001B0A02 /* SwiftSkeletonTests */,
				77CEFCE91A79C041001B0A02 /* Products */,
			);
			sourceTree = "<group>";
		};
		77CEFCE91A79C041001B0A02 /* Products */ = {
			isa = PBXGroup;
			children = (
				77CEFCE81A79C041001B0A02 /* SwiftSkeleton.app */,
				77CEFD001A79C041001B0A02 /* SwiftSkeletonTests.xctest */,
			);
			name = Products;
			sourceTree = "<group>";
		};
		77CEFCEA1A79C041001B0A02 /* SwiftSkeleton */ = {
			isa = PBXGroup;
			children = (
				77CEFE211A79D5C6001B0A02 /* External */,
				77B856FF1A7A9E1C00A51186 /* Models */,
				77CEFE2F1A79DD4D001B0A02 /* ViewControllers */,
				77CEFD101A79C057001B0A02 /* Source */,
				77CEFCED1A79C041001B0A02 /* AppDelegate.swift */,
				B86276C81A86FEF3004EEF50 /* AnimatedStartButton.swift */,
				77CEFCF21A79C041001B0A02 /* ViewController.swift */,
				77BFE9D31A81482C00F1AAC1 /* Core */,
				77CEFCF41A79C041001B0A02 /* Main.storyboard */,
				77CEFCF71A79C041001B0A02 /* Images.xcassets */,
				77CEFCF91A79C041001B0A02 /* LaunchScreen.xib */,
				77CEFCEF1A79C041001B0A02 /* SwiftSkeleton.xcdatamodeld */,
				77CEFCEB1A79C041001B0A02 /* Supporting Files */,
			);
			path = SwiftSkeleton;
			sourceTree = "<group>";
		};
		77CEFCEB1A79C041001B0A02 /* Supporting Files */ = {
			isa = PBXGroup;
			children = (
				776A5A891A87DB7A00D7B091 /* iOS 6 */,
				776A5A941A87DB7A00D7B091 /* iOS 7+ */,
				77DDCDA41A86E02E0062B83F /* Taylor.png */,
				77CEFCEC1A79C041001B0A02 /* Info.plist */,
			);
			name = "Supporting Files";
			sourceTree = "<group>";
		};
		77CEFD031A79C041001B0A02 /* SwiftSkeletonTests */ = {
			isa = PBXGroup;
			children = (
				77CEFD061A79C041001B0A02 /* SwiftSkeletonTests.swift */,
				77CEFD041A79C041001B0A02 /* Supporting Files */,
			);
			path = SwiftSkeletonTests;
			sourceTree = "<group>";
		};
		77CEFD041A79C041001B0A02 /* Supporting Files */ = {
			isa = PBXGroup;
			children = (
				77CEFD051A79C041001B0A02 /* Info.plist */,
			);
			name = "Supporting Files";
			sourceTree = "<group>";
		};
		77CEFD101A79C057001B0A02 /* Source */ = {
			isa = PBXGroup;
			children = (
			);
			name = Source;
			sourceTree = "<group>";
		};
		77CEFDF81A79C280001B0A02 /* Products */ = {
			isa = PBXGroup;
			children = (
				77CEFDFF1A79C280001B0A02 /* AlamofireSwiftyJSON.framework */,
				77CEFE011A79C280001B0A02 /* AlamofireSwiftyJSONTests.xctest */,
			);
			name = Products;
			sourceTree = "<group>";
		};
		77CEFE211A79D5C6001B0A02 /* External */ = {
			isa = PBXGroup;
			children = (
				774280401A952B7900C3BF9B /* OAuthSwift */,
				774280511A952B7900C3BF9B /* OAuthSwift.xcodeproj */,
				776A5A531A87344000D7B091 /* StreamingKit */,
				77040AE61A86CA3E0065D260 /* MDCSwipeToChoose */,
				77CEFE261A79D5CE001B0A02 /* DrawerController */,
				776A5ABA1A87DDD700D7B091 /* SwiftSpinner.swift */,
			);
			name = External;
			sourceTree = "<group>";
		};
		77CEFE261A79D5CE001B0A02 /* DrawerController */ = {
			isa = PBXGroup;
			children = (
				77CEFE221A79D5CE001B0A02 /* AnimatedMenuButton.swift */,
				77CEFE231A79D5CE001B0A02 /* DrawerBarButtonItem.swift */,
				77CEFE241A79D5CE001B0A02 /* DrawerController.swift */,
				77CEFE251A79D5CE001B0A02 /* DrawerVisualState.swift */,
			);
			name = DrawerController;
			path = External/DrawerController/KitchenSink/../DrawerController;
			sourceTree = SOURCE_ROOT;
		};
		77CEFE2F1A79DD4D001B0A02 /* ViewControllers */ = {
			isa = PBXGroup;
			children = (
				778084121A9A846D007CBD7F /* WebViewController.swift */,
				776A5A7B1A87A41100D7B091 /* GenresViewController.swift */,
				77E2B73D1A7C16CC00E3C4BC /* CenterViewController.swift */,
				77CEFE2D1A79DD46001B0A02 /* SavedSongsViewController.swift */,
				77BFE9D51A814C5F00F1AAC1 /* SettingsViewController.swift */,
				77B856F71A79E4BB00A51186 /* MainViewController.swift */,
				77DDCDA11A86D93A0062B83F /* ChooseTrackView.swift */,
			);
			name = ViewControllers;
			sourceTree = "<group>";
		};
/* End PBXGroup section */

/* Begin PBXNativeTarget section */
		77CEFCE71A79C041001B0A02 /* SwiftSkeleton */ = {
			isa = PBXNativeTarget;
			buildConfigurationList = 77CEFD0A1A79C041001B0A02 /* Build configuration list for PBXNativeTarget "SwiftSkeleton" */;
			buildPhases = (
				77CEFCE41A79C041001B0A02 /* Sources */,
				77CEFCE51A79C041001B0A02 /* Frameworks */,
				77CEFCE61A79C041001B0A02 /* Resources */,
				77CEFE131A79C462001B0A02 /* Embed Frameworks */,
			);
			buildRules = (
			);
			dependencies = (
				77CEFE091A79C293001B0A02 /* PBXTargetDependency */,
				77CEFE201A79C48F001B0A02 /* PBXTargetDependency */,
				77AAD4B91A9A817D005F493E /* PBXTargetDependency */,
			);
			name = SwiftSkeleton;
			productName = SwiftSkeleton;
			productReference = 77CEFCE81A79C041001B0A02 /* SwiftSkeleton.app */;
			productType = "com.apple.product-type.application";
		};
		77CEFCFF1A79C041001B0A02 /* SwiftSkeletonTests */ = {
			isa = PBXNativeTarget;
			buildConfigurationList = 77CEFD0D1A79C041001B0A02 /* Build configuration list for PBXNativeTarget "SwiftSkeletonTests" */;
			buildPhases = (
				77CEFCFC1A79C041001B0A02 /* Sources */,
				77CEFCFD1A79C041001B0A02 /* Frameworks */,
				77CEFCFE1A79C041001B0A02 /* Resources */,
			);
			buildRules = (
			);
			dependencies = (
				77CEFD021A79C041001B0A02 /* PBXTargetDependency */,
			);
			name = SwiftSkeletonTests;
			productName = SwiftSkeletonTests;
			productReference = 77CEFD001A79C041001B0A02 /* SwiftSkeletonTests.xctest */;
			productType = "com.apple.product-type.bundle.unit-test";
		};
/* End PBXNativeTarget section */

/* Begin PBXProject section */
		77CEFCE01A79C041001B0A02 /* Project object */ = {
			isa = PBXProject;
			attributes = {
				LastUpgradeCheck = 0610;
				ORGANIZATIONNAME = Innogen;
				TargetAttributes = {
					77CEFCE71A79C041001B0A02 = {
						CreatedOnToolsVersion = 6.1.1;
						DevelopmentTeam = V688V75KS8;
						SystemCapabilities = {
							com.apple.BackgroundModes = {
								enabled = 1;
							};
						};
					};
					77CEFCFF1A79C041001B0A02 = {
						CreatedOnToolsVersion = 6.1.1;
						TestTargetID = 77CEFCE71A79C041001B0A02;
					};
				};
			};
			buildConfigurationList = 77CEFCE31A79C041001B0A02 /* Build configuration list for PBXProject "SwiftSkeleton" */;
			compatibilityVersion = "Xcode 3.2";
			developmentRegion = English;
			hasScannedForEncodings = 0;
			knownRegions = (
				en,
				Base,
				ja,
			);
			mainGroup = 77CEFCDF1A79C041001B0A02;
			productRefGroup = 77CEFCE91A79C041001B0A02 /* Products */;
			projectDirPath = "";
			projectReferences = (
				{
					ProductGroup = 77CEFDF81A79C280001B0A02 /* Products */;
					ProjectRef = 77CEFDF71A79C280001B0A02 /* Alamofire-SwiftyJSON.xcodeproj */;
				},
				{
					ProductGroup = 77AAD4AD1A9A812F005F493E /* Products */;
					ProjectRef = 774280511A952B7900C3BF9B /* OAuthSwift.xcodeproj */;
				},
			);
			projectRoot = "";
			targets = (
				77CEFCE71A79C041001B0A02 /* SwiftSkeleton */,
				77CEFCFF1A79C041001B0A02 /* SwiftSkeletonTests */,
			);
		};
/* End PBXProject section */

/* Begin PBXReferenceProxy section */
		77AAD4B31A9A812F005F493E /* OAuthSwiftDemo.app */ = {
			isa = PBXReferenceProxy;
			fileType = wrapper.application;
			path = OAuthSwiftDemo.app;
			remoteRef = 77AAD4B21A9A812F005F493E /* PBXContainerItemProxy */;
			sourceTree = BUILT_PRODUCTS_DIR;
		};
		77AAD4B51A9A812F005F493E /* OAuthSwift.framework */ = {
			isa = PBXReferenceProxy;
			fileType = wrapper.framework;
			path = OAuthSwift.framework;
			remoteRef = 77AAD4B41A9A812F005F493E /* PBXContainerItemProxy */;
			sourceTree = BUILT_PRODUCTS_DIR;
		};
		77CEFDFF1A79C280001B0A02 /* AlamofireSwiftyJSON.framework */ = {
			isa = PBXReferenceProxy;
			fileType = wrapper.framework;
			path = AlamofireSwiftyJSON.framework;
			remoteRef = 77CEFDFE1A79C280001B0A02 /* PBXContainerItemProxy */;
			sourceTree = BUILT_PRODUCTS_DIR;
		};
		77CEFE011A79C280001B0A02 /* AlamofireSwiftyJSONTests.xctest */ = {
			isa = PBXReferenceProxy;
			fileType = wrapper.cfbundle;
			path = AlamofireSwiftyJSONTests.xctest;
			remoteRef = 77CEFE001A79C280001B0A02 /* PBXContainerItemProxy */;
			sourceTree = BUILT_PRODUCTS_DIR;
		};
/* End PBXReferenceProxy section */

/* Begin PBXResourcesBuildPhase section */
		77CEFCE61A79C041001B0A02 /* Resources */ = {
			isa = PBXResourcesBuildPhase;
			buildActionMask = 2147483647;
			files = (
				77CEFCF61A79C041001B0A02 /* Main.storyboard in Resources */,
				776A5AA91A87DB7A00D7B091 /* Icon@2x.png in Resources */,
				776A5AA41A87DB7A00D7B091 /* Icon-Small-50.png in Resources */,
				776A5AA51A87DB7A00D7B091 /* Icon-Small-50@2x.png in Resources */,
				776A5AB21A87DB7A00D7B091 /* Icon-76@2x.png in Resources */,
				776A5AA71A87DB7A00D7B091 /* Icon-Small@2x.png in Resources */,
				776A5AB51A87DB7A00D7B091 /* Icon-Small@3x.png in Resources */,
				776A5AAD1A87DB7A00D7B091 /* Icon-40@2x.png in Resources */,
				776A5AAE1A87DB7A00D7B091 /* Icon-40@3x.png in Resources */,
				776A5AA21A87DB7A00D7B091 /* Icon-72.png in Resources */,
				776A5AA31A87DB7A00D7B091 /* Icon-72@2x.png in Resources */,
				776A5AAA1A87DB7A00D7B091 /* iTunesArtwork.png in Resources */,
				776A5AB61A87DB7A00D7B091 /* Icon@3x.png in Resources */,
				77CEFCFB1A79C041001B0A02 /* LaunchScreen.xib in Resources */,
				776A5AB31A87DB7A00D7B091 /* Icon-Small.png in Resources */,
				776A5AB41A87DB7A00D7B091 /* Icon-Small@2x.png in Resources */,
				776A5AAB1A87DB7A00D7B091 /* iTunesArtwork@2x.png in Resources */,
				77CEFCF81A79C041001B0A02 /* Images.xcassets in Resources */,
				776A5AA81A87DB7A00D7B091 /* Icon.png in Resources */,
				776A5AAF1A87DB7A00D7B091 /* Icon-60.png in Resources */,
				774280561A952B7900C3BF9B /* Info.plist in Resources */,
				776A5AB71A87DB7A00D7B091 /* iTunesArtwork.png in Resources */,
				77DDCDA51A86E02E0062B83F /* Taylor.png in Resources */,
				776A5AB81A87DB7A00D7B091 /* iTunesArtwork@2x.png in Resources */,
				776A5AA61A87DB7A00D7B091 /* Icon-Small.png in Resources */,
				776A5AB11A87DB7A00D7B091 /* Icon-76.png in Resources */,
				776A5AB01A87DB7A00D7B091 /* Icon-60@2x.png in Resources */,
				776A5AAC1A87DB7A00D7B091 /* Icon-40.png in Resources */,
			);
			runOnlyForDeploymentPostprocessing = 0;
		};
		77CEFCFE1A79C041001B0A02 /* Resources */ = {
			isa = PBXResourcesBuildPhase;
			buildActionMask = 2147483647;
			files = (
			);
			runOnlyForDeploymentPostprocessing = 0;
		};
/* End PBXResourcesBuildPhase section */

/* Begin PBXSourcesBuildPhase section */
		77CEFCE41A79C041001B0A02 /* Sources */ = {
			isa = PBXSourcesBuildPhase;
			buildActionMask = 2147483647;
			files = (
				774280601A952B7900C3BF9B /* SHA1.swift in Sources */,
				776A5A7C1A87A41100D7B091 /* GenresViewController.swift in Sources */,
				7742805D1A952B7900C3BF9B /* OAuthSwiftCredential.swift in Sources */,
				77040B0F1A86CA3E0065D260 /* UIView+MDCSwipeToChoose.m in Sources */,
				776A5A691A87344000D7B091 /* STKAutoRecoveringHTTPDataSource.m in Sources */,
				77040B081A86CA3E0065D260 /* UIColor+MDCRGB8Bit.m in Sources */,
				77040B091A86CA3E0065D260 /* UIView+MDCBorderedLabel.m in Sources */,
				77040B0E1A86CA3E0065D260 /* MDCSwipeToChooseView.m in Sources */,
				774280551A952B7900C3BF9B /* HMAC.swift in Sources */,
				7742805A1A952B7900C3BF9B /* OAuth1Swift.swift in Sources */,
				77CEFCF31A79C041001B0A02 /* ViewController.swift in Sources */,
				77CEFCF11A79C041001B0A02 /* SwiftSkeleton.xcdatamodeld in Sources */,
				778084131A9A846D007CBD7F /* WebViewController.swift in Sources */,
				77E2B73E1A7C16CC00E3C4BC /* CenterViewController.swift in Sources */,
				776A5A6B1A87344000D7B091 /* STKDataSource.m in Sources */,
				77CEFE291A79D5CE001B0A02 /* DrawerController.swift in Sources */,
				774280581A952B7900C3BF9B /* NSData+OAuthSwift.swift in Sources */,
				776A5A681A87344000D7B091 /* STKAudioPlayer.m in Sources */,
				77B857011A7A9E3500A51186 /* Model.swift in Sources */,
				77CEFE2A1A79D5CE001B0A02 /* DrawerVisualState.swift in Sources */,
				774280541A952B7900C3BF9B /* Dictionary+OAuthSwift.swift in Sources */,
				774280591A952B7900C3BF9B /* NSURL+OAuthSwift.swift in Sources */,
				77CEFE2E1A79DD46001B0A02 /* SavedSongsViewController.swift in Sources */,
				B86276C91A86FEF3004EEF50 /* AnimatedStartButton.swift in Sources */,
				776A5A6C1A87344000D7B091 /* STKDataSourceWrapper.m in Sources */,
				77CEFCEE1A79C041001B0A02 /* AppDelegate.swift in Sources */,
				77B856F81A79E4BB00A51186 /* MainViewController.swift in Sources */,
				776A5A6D1A87344000D7B091 /* STKHTTPDataSource.m in Sources */,
				776A5ABB1A87DDD700D7B091 /* SwiftSpinner.swift in Sources */,
				77040B0A1A86CA3E0065D260 /* MDCSwipeOptions.m in Sources */,
				776A5A6A1A87344000D7B091 /* STKCoreFoundationDataSource.m in Sources */,
				77040B0C1A86CA3E0065D260 /* MDCPanState.m in Sources */,
				774280621A952B7900C3BF9B /* Utils.swift in Sources */,
				77040B071A86CA3E0065D260 /* MDCViewState.m in Sources */,
				7742805C1A952B7900C3BF9B /* OAuthSwiftClient.swift in Sources */,
				77BFE9D61A814C5F00F1AAC1 /* SettingsViewController.swift in Sources */,
				776A5A6F1A87344000D7B091 /* STKQueueEntry.m in Sources */,
				774280611A952B7900C3BF9B /* String+OAuthSwift.swift in Sources */,
				77CEFE2C1A79D78B001B0A02 /* Singleton.swift in Sources */,
				774280571A952B7900C3BF9B /* Int+OAuthSwift.swift in Sources */,
				776A5A6E1A87344000D7B091 /* STKLocalFileDataSource.m in Sources */,
				7742805B1A952B7900C3BF9B /* OAuth2Swift.swift in Sources */,
				77CEFE281A79D5CE001B0A02 /* DrawerBarButtonItem.swift in Sources */,
				77B856FE1A79EC1A00A51186 /* ConnectionManager.swift in Sources */,
				77DDCDA21A86D93A0062B83F /* ChooseTrackView.swift in Sources */,
				77040B0D1A86CA3E0065D260 /* MDCSwipeResult.m in Sources */,
				774280361A952B2100C3BF9B /* Credentials.swift in Sources */,
				77CEFE271A79D5CE001B0A02 /* AnimatedMenuButton.swift in Sources */,
				77040B061A86CA3E0065D260 /* MDCGeometry.m in Sources */,
				7742805E1A952B7900C3BF9B /* OAuthSwiftHTTPRequest.swift in Sources */,
				776A5A671A87344000D7B091 /* NSMutableArray+STKAudioPlayer.m in Sources */,
				77040B0B1A86CA3E0065D260 /* MDCSwipeToChooseViewOptions.m in Sources */,
				7742805F1A952B7900C3BF9B /* OAuthWebViewController.swift in Sources */,
			);
			runOnlyForDeploymentPostprocessing = 0;
		};
		77CEFCFC1A79C041001B0A02 /* Sources */ = {
			isa = PBXSourcesBuildPhase;
			buildActionMask = 2147483647;
			files = (
				77CEFD071A79C041001B0A02 /* SwiftSkeletonTests.swift in Sources */,
			);
			runOnlyForDeploymentPostprocessing = 0;
		};
/* End PBXSourcesBuildPhase section */

/* Begin PBXTargetDependency section */
		77AAD4B91A9A817D005F493E /* PBXTargetDependency */ = {
			isa = PBXTargetDependency;
			name = OAuthSwift;
			targetProxy = 77AAD4B81A9A817D005F493E /* PBXContainerItemProxy */;
		};
		77CEFD021A79C041001B0A02 /* PBXTargetDependency */ = {
			isa = PBXTargetDependency;
			target = 77CEFCE71A79C041001B0A02 /* SwiftSkeleton */;
			targetProxy = 77CEFD011A79C041001B0A02 /* PBXContainerItemProxy */;
		};
		77CEFE091A79C293001B0A02 /* PBXTargetDependency */ = {
			isa = PBXTargetDependency;
			name = AlamofireSwiftyJSON;
			targetProxy = 77CEFE081A79C293001B0A02 /* PBXContainerItemProxy */;
		};
		77CEFE201A79C48F001B0A02 /* PBXTargetDependency */ = {
			isa = PBXTargetDependency;
			name = AlamofireSwiftyJSON;
			targetProxy = 77CEFE1F1A79C48F001B0A02 /* PBXContainerItemProxy */;
		};
/* End PBXTargetDependency section */

/* Begin PBXVariantGroup section */
		77CEFCF41A79C041001B0A02 /* Main.storyboard */ = {
			isa = PBXVariantGroup;
			children = (
				77CEFCF51A79C041001B0A02 /* Base */,
			);
			name = Main.storyboard;
			sourceTree = "<group>";
		};
		77CEFCF91A79C041001B0A02 /* LaunchScreen.xib */ = {
			isa = PBXVariantGroup;
			children = (
				77CEFCFA1A79C041001B0A02 /* Base */,
			);
			name = LaunchScreen.xib;
			sourceTree = "<group>";
		};
/* End PBXVariantGroup section */

/* Begin XCBuildConfiguration section */
		77CEFD081A79C041001B0A02 /* Debug */ = {
			isa = XCBuildConfiguration;
			buildSettings = {
				ALWAYS_SEARCH_USER_PATHS = NO;
				CLANG_CXX_LANGUAGE_STANDARD = "gnu++0x";
				CLANG_CXX_LIBRARY = "libc++";
				CLANG_ENABLE_MODULES = YES;
				CLANG_ENABLE_OBJC_ARC = YES;
				CLANG_WARN_BOOL_CONVERSION = YES;
				CLANG_WARN_CONSTANT_CONVERSION = YES;
				CLANG_WARN_DIRECT_OBJC_ISA_USAGE = YES_ERROR;
				CLANG_WARN_EMPTY_BODY = YES;
				CLANG_WARN_ENUM_CONVERSION = YES;
				CLANG_WARN_INT_CONVERSION = YES;
				CLANG_WARN_OBJC_ROOT_CLASS = YES_ERROR;
				CLANG_WARN_UNREACHABLE_CODE = YES;
				CLANG_WARN__DUPLICATE_METHOD_MATCH = YES;
				"CODE_SIGN_IDENTITY[sdk=iphoneos*]" = "iPhone Developer";
				COPY_PHASE_STRIP = NO;
				ENABLE_STRICT_OBJC_MSGSEND = YES;
				GCC_C_LANGUAGE_STANDARD = gnu99;
				GCC_DYNAMIC_NO_PIC = NO;
				GCC_OPTIMIZATION_LEVEL = 0;
				GCC_PREPROCESSOR_DEFINITIONS = (
					"DEBUG=1",
					"$(inherited)",
				);
				GCC_SYMBOLS_PRIVATE_EXTERN = NO;
				GCC_WARN_64_TO_32_BIT_CONVERSION = YES;
				GCC_WARN_ABOUT_RETURN_TYPE = YES_ERROR;
				GCC_WARN_UNDECLARED_SELECTOR = YES;
				GCC_WARN_UNINITIALIZED_AUTOS = YES_AGGRESSIVE;
				GCC_WARN_UNUSED_FUNCTION = YES;
				GCC_WARN_UNUSED_VARIABLE = YES;
				IPHONEOS_DEPLOYMENT_TARGET = 8.1;
				MTL_ENABLE_DEBUG_INFO = YES;
				ONLY_ACTIVE_ARCH = YES;
				SDKROOT = iphoneos;
				SWIFT_OPTIMIZATION_LEVEL = "-Onone";
			};
			name = Debug;
		};
		77CEFD091A79C041001B0A02 /* Release */ = {
			isa = XCBuildConfiguration;
			buildSettings = {
				ALWAYS_SEARCH_USER_PATHS = NO;
				CLANG_CXX_LANGUAGE_STANDARD = "gnu++0x";
				CLANG_CXX_LIBRARY = "libc++";
				CLANG_ENABLE_MODULES = YES;
				CLANG_ENABLE_OBJC_ARC = YES;
				CLANG_WARN_BOOL_CONVERSION = YES;
				CLANG_WARN_CONSTANT_CONVERSION = YES;
				CLANG_WARN_DIRECT_OBJC_ISA_USAGE = YES_ERROR;
				CLANG_WARN_EMPTY_BODY = YES;
				CLANG_WARN_ENUM_CONVERSION = YES;
				CLANG_WARN_INT_CONVERSION = YES;
				CLANG_WARN_OBJC_ROOT_CLASS = YES_ERROR;
				CLANG_WARN_UNREACHABLE_CODE = YES;
				CLANG_WARN__DUPLICATE_METHOD_MATCH = YES;
				"CODE_SIGN_IDENTITY[sdk=iphoneos*]" = "iPhone Developer";
				COPY_PHASE_STRIP = YES;
				ENABLE_NS_ASSERTIONS = NO;
				ENABLE_STRICT_OBJC_MSGSEND = YES;
				GCC_C_LANGUAGE_STANDARD = gnu99;
				GCC_WARN_64_TO_32_BIT_CONVERSION = YES;
				GCC_WARN_ABOUT_RETURN_TYPE = YES_ERROR;
				GCC_WARN_UNDECLARED_SELECTOR = YES;
				GCC_WARN_UNINITIALIZED_AUTOS = YES_AGGRESSIVE;
				GCC_WARN_UNUSED_FUNCTION = YES;
				GCC_WARN_UNUSED_VARIABLE = YES;
				IPHONEOS_DEPLOYMENT_TARGET = 8.1;
				MTL_ENABLE_DEBUG_INFO = NO;
				SDKROOT = iphoneos;
				VALIDATE_PRODUCT = YES;
			};
			name = Release;
		};
		77CEFD0B1A79C041001B0A02 /* Debug */ = {
			isa = XCBuildConfiguration;
			buildSettings = {
				ASSETCATALOG_COMPILER_APPICON_NAME = AppIcon;
				CODE_SIGN_IDENTITY = "iPhone Developer";
				EMBEDDED_CONTENT_CONTAINS_SWIFT = YES;
				FRAMEWORK_SEARCH_PATHS = (
					"$(inherited)",
					"$(USER_LIBRARY_DIR)/Developer/Xcode/DerivedData/SwiftSkeleton-geqcqdpcpaxbcocjeqfawoquzhhf/Build/Products/Debug-iphoneos",
					"$(USER_LIBRARY_DIR)/Developer/Xcode/DerivedData/SwiftSkeleton-bxkqakgmzxltviempxlbqfrgfsfq/Build/Products/Debug-iphoneos",
				);
				INFOPLIST_FILE = SwiftSkeleton/Info.plist;
				LD_RUNPATH_SEARCH_PATHS = "$(inherited) @executable_path/Frameworks";
				PRODUCT_NAME = "$(TARGET_NAME)";
				SWIFT_OBJC_BRIDGING_HEADER = "SwiftSkeleton/SwiftSkeleton-Bridging-Header.h";
				"SWIFT_OBJC_BRIDGING_HEADER[arch=*]" = "SwiftSkeleton/SwiftSkeleton-Bridging-Header.h";
			};
			name = Debug;
		};
		77CEFD0C1A79C041001B0A02 /* Release */ = {
			isa = XCBuildConfiguration;
			buildSettings = {
				ASSETCATALOG_COMPILER_APPICON_NAME = AppIcon;
				CODE_SIGN_IDENTITY = "iPhone Developer";
				EMBEDDED_CONTENT_CONTAINS_SWIFT = YES;
				FRAMEWORK_SEARCH_PATHS = (
					"$(inherited)",
					"$(USER_LIBRARY_DIR)/Developer/Xcode/DerivedData/SwiftSkeleton-geqcqdpcpaxbcocjeqfawoquzhhf/Build/Products/Debug-iphoneos",
					"$(USER_LIBRARY_DIR)/Developer/Xcode/DerivedData/SwiftSkeleton-bxkqakgmzxltviempxlbqfrgfsfq/Build/Products/Debug-iphoneos",
				);
				INFOPLIST_FILE = SwiftSkeleton/Info.plist;
				LD_RUNPATH_SEARCH_PATHS = "$(inherited) @executable_path/Frameworks";
				PRODUCT_NAME = "$(TARGET_NAME)";
				SWIFT_OBJC_BRIDGING_HEADER = "SwiftSkeleton/SwiftSkeleton-Bridging-Header.h";
			};
			name = Release;
		};
		77CEFD0E1A79C041001B0A02 /* Debug */ = {
			isa = XCBuildConfiguration;
			buildSettings = {
				BUNDLE_LOADER = "$(TEST_HOST)";
				FRAMEWORK_SEARCH_PATHS = (
					"$(SDKROOT)/Developer/Library/Frameworks",
					"$(inherited)",
				);
				GCC_PREPROCESSOR_DEFINITIONS = (
					"DEBUG=1",
					"$(inherited)",
				);
				INFOPLIST_FILE = SwiftSkeletonTests/Info.plist;
				LD_RUNPATH_SEARCH_PATHS = "$(inherited) @executable_path/Frameworks @loader_path/Frameworks";
				PRODUCT_NAME = "$(TARGET_NAME)";
				TEST_HOST = "$(BUILT_PRODUCTS_DIR)/SwiftSkeleton.app/SwiftSkeleton";
			};
			name = Debug;
		};
		77CEFD0F1A79C041001B0A02 /* Release */ = {
			isa = XCBuildConfiguration;
			buildSettings = {
				BUNDLE_LOADER = "$(TEST_HOST)";
				FRAMEWORK_SEARCH_PATHS = (
					"$(SDKROOT)/Developer/Library/Frameworks",
					"$(inherited)",
				);
				INFOPLIST_FILE = SwiftSkeletonTests/Info.plist;
				LD_RUNPATH_SEARCH_PATHS = "$(inherited) @executable_path/Frameworks @loader_path/Frameworks";
				PRODUCT_NAME = "$(TARGET_NAME)";
				TEST_HOST = "$(BUILT_PRODUCTS_DIR)/SwiftSkeleton.app/SwiftSkeleton";
			};
			name = Release;
		};
/* End XCBuildConfiguration section */

/* Begin XCConfigurationList section */
		77CEFCE31A79C041001B0A02 /* Build configuration list for PBXProject "SwiftSkeleton" */ = {
			isa = XCConfigurationList;
			buildConfigurations = (
				77CEFD081A79C041001B0A02 /* Debug */,
				77CEFD091A79C041001B0A02 /* Release */,
			);
			defaultConfigurationIsVisible = 0;
			defaultConfigurationName = Release;
		};
		77CEFD0A1A79C041001B0A02 /* Build configuration list for PBXNativeTarget "SwiftSkeleton" */ = {
			isa = XCConfigurationList;
			buildConfigurations = (
				77CEFD0B1A79C041001B0A02 /* Debug */,
				77CEFD0C1A79C041001B0A02 /* Release */,
			);
			defaultConfigurationIsVisible = 0;
			defaultConfigurationName = Release;
		};
		77CEFD0D1A79C041001B0A02 /* Build configuration list for PBXNativeTarget "SwiftSkeletonTests" */ = {
			isa = XCConfigurationList;
			buildConfigurations = (
				77CEFD0E1A79C041001B0A02 /* Debug */,
				77CEFD0F1A79C041001B0A02 /* Release */,
			);
			defaultConfigurationIsVisible = 0;
			defaultConfigurationName = Release;
		};
/* End XCConfigurationList section */

/* Begin XCVersionGroup section */
		77CEFCEF1A79C041001B0A02 /* SwiftSkeleton.xcdatamodeld */ = {
			isa = XCVersionGroup;
			children = (
				77CEFCF01A79C041001B0A02 /* SwiftSkeleton.xcdatamodel */,
			);
			currentVersion = 77CEFCF01A79C041001B0A02 /* SwiftSkeleton.xcdatamodel */;
			path = SwiftSkeleton.xcdatamodeld;
			sourceTree = "<group>";
			versionGroupType = wrapper.xcdatamodel;
		};
/* End XCVersionGroup section */
	};
	rootObject = 77CEFCE01A79C041001B0A02 /* Project object */;
}
